
Microsoft Visual Studio Solution File, Format Version 12.00
# Visual Studio Version 16
VisualStudioVersion = 16.0.31005.135
MinimumVisualStudioVersion = 10.0.40219.1
Project("{FAE04EC0-301F-11D3-BF4B-00C04F79EFBC}") = "API", "API.csproj", "{9EB8DA4C-AC2B-4D24-848A-8D50736768EB}"
EndProject
Global
	GlobalSection(SolutionConfigurationPlatforms) = preSolution
		Debug|Any CPU = Debug|Any CPU
		Release|Any CPU = Release|Any CPU
	EndGlobalSection
	GlobalSection(ProjectConfigurationPlatforms) = postSolution
		{9EB8DA4C-AC2B-4D24-848A-8D50736768EB}.Debug|Any CPU.ActiveCfg = Debug|Any CPU
		{9EB8DA4C-AC2B-4D24-848A-8D50736768EB}.Debug|Any CPU.Build.0 = Debug|Any CPU
		{9EB8DA4C-AC2B-4D24-848A-8D50736768EB}.Release|Any CPU.ActiveCfg = Release|Any CPU
		{9EB8DA4C-AC2B-4D24-848A-8D50736768EB}.Release|Any CPU.Build.0 = Release|Any CPU
	EndGlobalSection
	GlobalSection(SolutionProperties) = preSolution
		HideSolutionNode = FALSE
	EndGlobalSection
	GlobalSection(ExtensibilityGlobals) = postSolution
		SolutionGuid = {F3825AB2-D2A1-45DF-A2A3-AAABC1B20EBF}
	EndGlobalSection
EndGlobal
